
Microsoft Visual Studio Solution File, Format Version 12.00
# Visual Studio Version 17
VisualStudioVersion = 17.11.35312.102
MinimumVisualStudioVersion = 10.0.40219.1
Project("{FAE04EC0-301F-11D3-BF4B-00C04F79EFBC}") = "asspl", "asspl\asspl.csproj", "{8011FE5F-A408-4A4D-ADCD-B941C1D44C19}"
EndProject
Global
	GlobalSection(SolutionConfigurationPlatforms) = preSolution
		Debug|Any CPU = Debug|Any CPU
		Release|Any CPU = Release|Any CPU
	EndGlobalSection
	GlobalSection(ProjectConfigurationPlatforms) = postSolution
		{8011FE5F-A408-4A4D-ADCD-B941C1D44C19}.Debug|Any CPU.ActiveCfg = Debug|Any CPU
		{8011FE5F-A408-4A4D-ADCD-B941C1D44C19}.Debug|Any CPU.Build.0 = Debug|Any CPU
		{8011FE5F-A408-4A4D-ADCD-B941C1D44C19}.Release|Any CPU.ActiveCfg = Release|Any CPU
		{8011FE5F-A408-4A4D-ADCD-B941C1D44C19}.Release|Any CPU.Build.0 = Release|Any CPU
	EndGlobalSection
	GlobalSection(SolutionProperties) = preSolution
		HideSolutionNode = FALSE
	EndGlobalSection
	GlobalSection(ExtensibilityGlobals) = postSolution
		SolutionGuid = {987B885D-64CA-4E1E-BF86-6212FED3290A}
	EndGlobalSection
EndGlobal
